
Microsoft Visual Studio Solution File, Format Version 12.00
# Visual Studio Version 17
VisualStudioVersion = 17.2.32526.322
MinimumVisualStudioVersion = 10.0.40219.1
Project("{FAE04EC0-301F-11D3-BF4B-00C04F79EFBC}") = "JASMINES, CONTACT TRACING", "JASMINES, CONTACT TRACING\JASMINES, CONTACT TRACING.csproj", "{BD92CE3C-95FE-4B61-BBB1-98696D544D6D}"
EndProject
Global
	GlobalSection(SolutionConfigurationPlatforms) = preSolution
		Debug|Any CPU = Debug|Any CPU
		Release|Any CPU = Release|Any CPU
	EndGlobalSection
	GlobalSection(ProjectConfigurationPlatforms) = postSolution
		{BD92CE3C-95FE-4B61-BBB1-98696D544D6D}.Debug|Any CPU.ActiveCfg = Debug|Any CPU
		{BD92CE3C-95FE-4B61-BBB1-98696D544D6D}.Debug|Any CPU.Build.0 = Debug|Any CPU
		{BD92CE3C-95FE-4B61-BBB1-98696D544D6D}.Release|Any CPU.ActiveCfg = Release|Any CPU
		{BD92CE3C-95FE-4B61-BBB1-98696D544D6D}.Release|Any CPU.Build.0 = Release|Any CPU
	EndGlobalSection
	GlobalSection(SolutionProperties) = preSolution
		HideSolutionNode = FALSE
	EndGlobalSection
	GlobalSection(ExtensibilityGlobals) = postSolution
		SolutionGuid = {3094EAFC-F044-4243-8E92-A30188442D50}
	EndGlobalSection
EndGlobal
